// !$*UTF8*$!
{
	archiveVersion = 1;
	classes = {
	};
	objectVersion = 50;
	objects = {

/* Begin PBXBuildFile section */
		45C4866424CD2F8500704921 /* DocExampleApp.swift in Sources */ = {isa = PBXBuildFile; fileRef = 45C4865024CD2F8400704921 /* DocExampleApp.swift */; };
		45C4866524CD2F8500704921 /* DocExampleApp.swift in Sources */ = {isa = PBXBuildFile; fileRef = 45C4865024CD2F8400704921 /* DocExampleApp.swift */; };
		45C4866624CD2F8500704921 /* DocExampleDocument.swift in Sources */ = {isa = PBXBuildFile; fileRef = 45C4865124CD2F8400704921 /* DocExampleDocument.swift */; };
		45C4866724CD2F8500704921 /* DocExampleDocument.swift in Sources */ = {isa = PBXBuildFile; fileRef = 45C4865124CD2F8400704921 /* DocExampleDocument.swift */; };
		45C4866824CD2F8500704921 /* ContentView.swift in Sources */ = {isa = PBXBuildFile; fileRef = 45C4865224CD2F8400704921 /* ContentView.swift */; };
		45C4866924CD2F8500704921 /* ContentView.swift in Sources */ = {isa = PBXBuildFile; fileRef = 45C4865224CD2F8400704921 /* ContentView.swift */; };
		45C4866A24CD2F8500704921 /* Assets.xcassets in Resources */ = {isa = PBXBuildFile; fileRef = 45C4865324CD2F8500704921 /* Assets.xcassets */; };
		45C4866B24CD2F8500704921 /* Assets.xcassets in Resources */ = {isa = PBXBuildFile; fileRef = 45C4865324CD2F8500704921 /* Assets.xcassets */; };
/* End PBXBuildFile section */

/* Begin PBXFileReference section */
		455E21C125264C0700774669 /* LICENSE */ = {isa = PBXFileReference; lastKnownFileType = text; path = LICENSE; sourceTree = SOURCE_ROOT; };
		455E21C225264C0700774669 /* README.md */ = {isa = PBXFileReference; lastKnownFileType = net.daringfireball.markdown; path = README.md; sourceTree = SOURCE_ROOT; };
		45C4865024CD2F8400704921 /* DocExampleApp.swift */ = {isa = PBXFileReference; lastKnownFileType = sourcecode.swift; path = DocExampleApp.swift; sourceTree = "<group>"; };
		45C4865124CD2F8400704921 /* DocExampleDocument.swift */ = {isa = PBXFileReference; lastKnownFileType = sourcecode.swift; path = DocExampleDocument.swift; sourceTree = "<group>"; };
		45C4865224CD2F8400704921 /* ContentView.swift */ = {isa = PBXFileReference; lastKnownFileType = sourcecode.swift; path = ContentView.swift; sourceTree = "<group>"; };
		45C4865324CD2F8500704921 /* Assets.xcassets */ = {isa = PBXFileReference; lastKnownFileType = folder.assetcatalog; path = Assets.xcassets; sourceTree = "<group>"; };
		45C4865824CD2F8500704921 /* DocExample.app */ = {isa = PBXFileReference; explicitFileType = wrapper.application; includeInIndex = 0; path = DocExample.app; sourceTree = BUILT_PRODUCTS_DIR; };
		45C4865B24CD2F8500704921 /* Info.plist */ = {isa = PBXFileReference; lastKnownFileType = text.plist.xml; path = Info.plist; sourceTree = "<group>"; };
		45C4866024CD2F8500704921 /* DocExample.app */ = {isa = PBXFileReference; explicitFileType = wrapper.application; includeInIndex = 0; path = DocExample.app; sourceTree = BUILT_PRODUCTS_DIR; };
		45C4866224CD2F8500704921 /* Info.plist */ = {isa = PBXFileReference; lastKnownFileType = text.plist.xml; path = Info.plist; sourceTree = "<group>"; };
		45C4866324CD2F8500704921 /* macOS.entitlements */ = {isa = PBXFileReference; lastKnownFileType = text.plist.entitlements; path = macOS.entitlements; sourceTree = "<group>"; };
/* End PBXFileReference section */

/* Begin PBXFrameworksBuildPhase section */
		45C4865524CD2F8500704921 /* Frameworks */ = {
			isa = PBXFrameworksBuildPhase;
			buildActionMask = 2147483647;
			files = (
			);
			runOnlyForDeploymentPostprocessing = 0;
		};
		45C4865D24CD2F8500704921 /* Frameworks */ = {
			isa = PBXFrameworksBuildPhase;
			buildActionMask = 2147483647;
			files = (
			);
			runOnlyForDeploymentPostprocessing = 0;
		};
/* End PBXFrameworksBuildPhase section */

/* Begin PBXGroup section */
		455E21C025264BEE00774669 /* Supporting Files */ = {
			isa = PBXGroup;
			children = (
				455E21C125264C0700774669 /* LICENSE */,
				455E21C225264C0700774669 /* README.md */,
				45C4865324CD2F8500704921 /* Assets.xcassets */,
			);
			path = "Supporting Files";
			sourceTree = "<group>";
		};
		45C4864A24CD2F8400704921 = {
			isa = PBXGroup;
			children = (
				45C4864F24CD2F8400704921 /* Shared */,
				45C4865A24CD2F8500704921 /* iOS */,
				45C4866124CD2F8500704921 /* macOS */,
				45C4865924CD2F8500704921 /* Products */,
			);
			sourceTree = "<group>";
		};
		45C4864F24CD2F8400704921 /* Shared */ = {
			isa = PBXGroup;
			children = (
				45C4865224CD2F8400704921 /* ContentView.swift */,
				45C4865024CD2F8400704921 /* DocExampleApp.swift */,
				45C4865124CD2F8400704921 /* DocExampleDocument.swift */,
				455E21C025264BEE00774669 /* Supporting Files */,
			);
			path = Shared;
			sourceTree = "<group>";
		};
		45C4865924CD2F8500704921 /* Products */ = {
			isa = PBXGroup;
			children = (
				45C4865824CD2F8500704921 /* DocExample.app */,
				45C4866024CD2F8500704921 /* DocExample.app */,
			);
			name = Products;
			sourceTree = "<group>";
		};
		45C4865A24CD2F8500704921 /* iOS */ = {
			isa = PBXGroup;
			children = (
				45C4865B24CD2F8500704921 /* Info.plist */,
			);
			path = iOS;
			sourceTree = "<group>";
		};
		45C4866124CD2F8500704921 /* macOS */ = {
			isa = PBXGroup;
			children = (
				45C4866224CD2F8500704921 /* Info.plist */,
				45C4866324CD2F8500704921 /* macOS.entitlements */,
			);
			path = macOS;
			sourceTree = "<group>";
		};
/* End PBXGroup section */

/* Begin PBXNativeTarget section */
		45C4865724CD2F8500704921 /* DocExample (iOS) */ = {
			isa = PBXNativeTarget;
			buildConfigurationList = 45C4866E24CD2F8500704921 /* Build configuration list for PBXNativeTarget "DocExample (iOS)" */;
			buildPhases = (
				45C4865424CD2F8500704921 /* Sources */,
				45C4865524CD2F8500704921 /* Frameworks */,
				45C4865624CD2F8500704921 /* Resources */,
			);
			buildRules = (
			);
			dependencies = (
			);
			name = "DocExample (iOS)";
			productName = "DocExample (iOS)";
			productReference = 45C4865824CD2F8500704921 /* DocExample.app */;
			productType = "com.apple.product-type.application";
		};
		45C4865F24CD2F8500704921 /* DocExample (macOS) */ = {
			isa = PBXNativeTarget;
			buildConfigurationList = 45C4867124CD2F8500704921 /* Build configuration list for PBXNativeTarget "DocExample (macOS)" */;
			buildPhases = (
				45C4865C24CD2F8500704921 /* Sources */,
				45C4865D24CD2F8500704921 /* Frameworks */,
				45C4865E24CD2F8500704921 /* Resources */,
			);
			buildRules = (
			);
			dependencies = (
			);
			name = "DocExample (macOS)";
			productName = "DocExample (macOS)";
			productReference = 45C4866024CD2F8500704921 /* DocExample.app */;
			productType = "com.apple.product-type.application";
		};
/* End PBXNativeTarget section */

/* Begin PBXProject section */
		45C4864B24CD2F8400704921 /* Project object */ = {
			isa = PBXProject;
			attributes = {
				LastSwiftUpdateCheck = 1200;
				LastUpgradeCheck = 1200;
				TargetAttributes = {
					45C4865724CD2F8500704921 = {
						CreatedOnToolsVersion = 12.0;
					};
					45C4865F24CD2F8500704921 = {
						CreatedOnToolsVersion = 12.0;
					};
				};
			};
			buildConfigurationList = 45C4864E24CD2F8400704921 /* Build configuration list for PBXProject "DocExample" */;
			compatibilityVersion = "Xcode 9.3";
			developmentRegion = en;
			hasScannedForEncodings = 0;
			knownRegions = (
				en,
				Base,
			);
			mainGroup = 45C4864A24CD2F8400704921;
			productRefGroup = 45C4865924CD2F8500704921 /* Products */;
			projectDirPath = "";
			projectRoot = "";
			targets = (
				45C4865724CD2F8500704921 /* DocExample (iOS) */,
				45C4865F24CD2F8500704921 /* DocExample (macOS) */,
			);
		};
/* End PBXProject section */

/* Begin PBXResourcesBuildPhase section */
		45C4865624CD2F8500704921 /* Resources */ = {
			isa = PBXResourcesBuildPhase;
			buildActionMask = 2147483647;
			files = (
				45C4866A24CD2F8500704921 /* Assets.xcassets in Resources */,
			);
			runOnlyForDeploymentPostprocessing = 0;
		};
		45C4865E24CD2F8500704921 /* Resources */ = {
			isa = PBXResourcesBuildPhase;
			buildActionMask = 2147483647;
			files = (
				45C4866B24CD2F8500704921 /* Assets.xcassets in Resources */,
			);
			runOnlyForDeploymentPostprocessing = 0;
		};
/* End PBXResourcesBuildPhase section */

/* Begin PBXSourcesBuildPhase section */
		45C4865424CD2F8500704921 /* Sources */ = {
			isa = PBXSourcesBuildPhase;
			buildActionMask = 2147483647;
			files = (
				45C4866624CD2F8500704921 /* DocExampleDocument.swift in Sources */,
				45C4866424CD2F8500704921 /* DocExampleApp.swift in Sources */,
				45C4866824CD2F8500704921 /* ContentView.swift in Sources */,
			);
			runOnlyForDeploymentPostprocessing = 0;
		};
		45C4865C24CD2F8500704921 /* Sources */ = {
			isa = PBXSourcesBuildPhase;
			buildActionMask = 2147483647;
			files = (
				45C4866724CD2F8500704921 /* DocExampleDocument.swift in Sources */,
				45C4866524CD2F8500704921 /* DocExampleApp.swift in Sources */,
				45C4866924CD2F8500704921 /* ContentView.swift in Sources */,
			);
			runOnlyForDeploymentPostprocessing = 0;
		};
/* End PBXSourcesBuildPhase section */

/* Begin XCBuildConfiguration section */
		45C4866C24CD2F8500704921 /* Debug */ = {
			isa = XCBuildConfiguration;
			buildSettings = {
				ALWAYS_SEARCH_USER_PATHS = NO;
				CLANG_ANALYZER_NONNULL = YES;
				CLANG_ANALYZER_NUMBER_OBJECT_CONVERSION = YES_AGGRESSIVE;
				CLANG_CXX_LANGUAGE_STANDARD = "gnu++14";
				CLANG_CXX_LIBRARY = "libc++";
				CLANG_ENABLE_MODULES = YES;
				CLANG_ENABLE_OBJC_ARC = YES;
				CLANG_ENABLE_OBJC_WEAK = YES;
				CLANG_WARN_BLOCK_CAPTURE_AUTORELEASING = YES;
				CLANG_WARN_BOOL_CONVERSION = YES;
				CLANG_WARN_COMMA = YES;
				CLANG_WARN_CONSTANT_CONVERSION = YES;
				CLANG_WARN_DEPRECATED_OBJC_IMPLEMENTATIONS = YES;
				CLANG_WARN_DIRECT_OBJC_ISA_USAGE = YES_ERROR;
				CLANG_WARN_DOCUMENTATION_COMMENTS = YES;
				CLANG_WARN_EMPTY_BODY = YES;
				CLANG_WARN_ENUM_CONVERSION = YES;
				CLANG_WARN_INFINITE_RECURSION = YES;
				CLANG_WARN_INT_CONVERSION = YES;
				CLANG_WARN_NON_LITERAL_NULL_CONVERSION = YES;
				CLANG_WARN_OBJC_IMPLICIT_RETAIN_SELF = YES;
				CLANG_WARN_OBJC_LITERAL_CONVERSION = YES;
				CLANG_WARN_OBJC_ROOT_CLASS = YES_ERROR;
				CLANG_WARN_QUOTED_INCLUDE_IN_FRAMEWORK_HEADER = YES;
				CLANG_WARN_RANGE_LOOP_ANALYSIS = YES;
				CLANG_WARN_STRICT_PROTOTYPES = YES;
				CLANG_WARN_SUSPICIOUS_MOVE = YES;
				CLANG_WARN_UNGUARDED_AVAILABILITY = YES_AGGRESSIVE;
				CLANG_WARN_UNREACHABLE_CODE = YES;
				CLANG_WARN__DUPLICATE_METHOD_MATCH = YES;
				COPY_PHASE_STRIP = NO;
				DEBUG_INFORMATION_FORMAT = dwarf;
				ENABLE_STRICT_OBJC_MSGSEND = YES;
				ENABLE_TESTABILITY = YES;
				GCC_C_LANGUAGE_STANDARD = gnu11;
				GCC_DYNAMIC_NO_PIC = NO;
				GCC_NO_COMMON_BLOCKS = YES;
				GCC_OPTIMIZATION_LEVEL = 0;
				GCC_PREPROCESSOR_DEFINITIONS = (
					"DEBUG=1",
					"$(inherited)",
				);
				GCC_WARN_64_TO_32_BIT_CONVERSION = YES;
				GCC_WARN_ABOUT_RETURN_TYPE = YES_ERROR;
				GCC_WARN_UNDECLARED_SELECTOR = YES;
				GCC_WARN_UNINITIALIZED_AUTOS = YES_AGGRESSIVE;
				GCC_WARN_UNUSED_FUNCTION = YES;
				GCC_WARN_UNUSED_VARIABLE = YES;
				MTL_ENABLE_DEBUG_INFO = INCLUDE_SOURCE;
				MTL_FAST_MATH = YES;
				ONLY_ACTIVE_ARCH = YES;
				SWIFT_ACTIVE_COMPILATION_CONDITIONS = DEBUG;
				SWIFT_OPTIMIZATION_LEVEL = "-Onone";
			};
			name = Debug;
		};
		45C4866D24CD2F8500704921 /* Release */ = {
			isa = XCBuildConfiguration;
			buildSettings = {
				ALWAYS_SEARCH_USER_PATHS = NO;
				CLANG_ANALYZER_NONNULL = YES;
				CLANG_ANALYZER_NUMBER_OBJECT_CONVERSION = YES_AGGRESSIVE;
				CLANG_CXX_LANGUAGE_STANDARD = "gnu++14";
				CLANG_CXX_LIBRARY = "libc++";
				CLANG_ENABLE_MODULES = YES;
				CLANG_ENABLE_OBJC_ARC = YES;
				CLANG_ENABLE_OBJC_WEAK = YES;
				CLANG_WARN_BLOCK_CAPTURE_AUTORELEASING = YES;
				CLANG_WARN_BOOL_CONVERSION = YES;
				CLANG_WARN_COMMA = YES;
				CLANG_WARN_CONSTANT_CONVERSION = YES;
				CLANG_WARN_DEPRECATED_OBJC_IMPLEMENTATIONS = YES;
				CLANG_WARN_DIRECT_OBJC_ISA_USAGE = YES_ERROR;
				CLANG_WARN_DOCUMENTATION_COMMENTS = YES;
				CLANG_WARN_EMPTY_BODY = YES;
				CLANG_WARN_ENUM_CONVERSION = YES;
				CLANG_WARN_INFINITE_RECURSION = YES;
				CLANG_WARN_INT_CONVERSION = YES;
				CLANG_WARN_NON_LITERAL_NULL_CONVERSION = YES;
				CLANG_WARN_OBJC_IMPLICIT_RETAIN_SELF = YES;
				CLANG_WARN_OBJC_LITERAL_CONVERSION = YES;
				CLANG_WARN_OBJC_ROOT_CLASS = YES_ERROR;
				CLANG_WARN_QUOTED_INCLUDE_IN_FRAMEWORK_HEADER = YES;
				CLANG_WARN_RANGE_LOOP_ANALYSIS = YES;
				CLANG_WARN_STRICT_PROTOTYPES = YES;
				CLANG_WARN_SUSPICIOUS_MOVE = YES;
				CLANG_WARN_UNGUARDED_AVAILABILITY = YES_AGGRESSIVE;
				CLANG_WARN_UNREACHABLE_CODE = YES;
				CLANG_WARN__DUPLICATE_METHOD_MATCH = YES;
				COPY_PHASE_STRIP = NO;
				DEBUG_INFORMATION_FORMAT = "dwarf-with-dsym";
				ENABLE_NS_ASSERTIONS = NO;
				ENABLE_STRICT_OBJC_MSGSEND = YES;
				GCC_C_LANGUAGE_STANDARD = gnu11;
				GCC_NO_COMMON_BLOCKS = YES;
				GCC_WARN_64_TO_32_BIT_CONVERSION = YES;
				GCC_WARN_ABOUT_RETURN_TYPE = YES_ERROR;
				GCC_WARN_UNDECLARED_SELECTOR = YES;
				GCC_WARN_UNINITIALIZED_AUTOS = YES_AGGRESSIVE;
				GCC_WARN_UNUSED_FUNCTION = YES;
				GCC_WARN_UNUSED_VARIABLE = YES;
				MTL_ENABLE_DEBUG_INFO = NO;
				MTL_FAST_MATH = YES;
				SWIFT_COMPILATION_MODE = wholemodule;
				SWIFT_OPTIMIZATION_LEVEL = "-O";
			};
			name = Release;
		};
		45C4866F24CD2F8500704921 /* Debug */ = {
			isa = XCBuildConfiguration;
			buildSettings = {
				ASSETCATALOG_COMPILER_APPICON_NAME = AppIcon;
				ASSETCATALOG_COMPILER_GLOBAL_ACCENT_COLOR_NAME = AccentColor;
				CODE_SIGN_STYLE = Automatic;
				DEVELOPMENT_TEAM = 6J8NCZC8G6;
				ENABLE_PREVIEWS = YES;
				INFOPLIST_FILE = iOS/Info.plist;
				IPHONEOS_DEPLOYMENT_TARGET = 14.0;
				LD_RUNPATH_SEARCH_PATHS = (
					"$(inherited)",
					"@executable_path/Frameworks",
				);
				MARKETING_VERSION = 1.0.0;
				PRODUCT_BUNDLE_IDENTIFIER = com.infinitetoken.DocExample;
				PRODUCT_NAME = DocExample;
				SDKROOT = iphoneos;
				SWIFT_VERSION = 5.0;
				TARGETED_DEVICE_FAMILY = "1,2";
			};
			name = Debug;
		};
		45C4867024CD2F8500704921 /* Release */ = {
			isa = XCBuildConfiguration;
			buildSettings = {
				ASSETCATALOG_COMPILER_APPICON_NAME = AppIcon;
				ASSETCATALOG_COMPILER_GLOBAL_ACCENT_COLOR_NAME = AccentColor;
				CODE_SIGN_STYLE = Automatic;
				DEVELOPMENT_TEAM = 6J8NCZC8G6;
				ENABLE_PREVIEWS = YES;
				INFOPLIST_FILE = iOS/Info.plist;
				IPHONEOS_DEPLOYMENT_TARGET = 14.0;
				LD_RUNPATH_SEARCH_PATHS = (
					"$(inherited)",
					"@executable_path/Frameworks",
				);
				MARKETING_VERSION = 1.0.0;
				PRODUCT_BUNDLE_IDENTIFIER = com.infinitetoken.DocExample;
				PRODUCT_NAME = DocExample;
				SDKROOT = iphoneos;
				SWIFT_VERSION = 5.0;
				TARGETED_DEVICE_FAMILY = "1,2";
				VALIDATE_PRODUCT = YES;
			};
			name = Release;
		};
		45C4867224CD2F8500704921 /* Debug */ = {
			isa = XCBuildConfiguration;
			buildSettings = {
				ASSETCATALOG_COMPILER_APPICON_NAME = AppIcon;
				ASSETCATALOG_COMPILER_GLOBAL_ACCENT_COLOR_NAME = AccentColor;
				CODE_SIGN_ENTITLEMENTS = macOS/macOS.entitlements;
				CODE_SIGN_STYLE = Automatic;
				COMBINE_HIDPI_IMAGES = YES;
				DEVELOPMENT_TEAM = 6J8NCZC8G6;
				ENABLE_HARDENED_RUNTIME = YES;
				ENABLE_PREVIEWS = YES;
				INFOPLIST_FILE = macOS/Info.plist;
				LD_RUNPATH_SEARCH_PATHS = (
					"$(inherited)",
					"@executable_path/../Frameworks",
				);
				MACOSX_DEPLOYMENT_TARGET = 11.0;
				MARKETING_VERSION = 1.0.0;
				PRODUCT_BUNDLE_IDENTIFIER = com.infinitetoken.DocExample;
				PRODUCT_NAME = DocExample;
				SDKROOT = macosx;
				SWIFT_VERSION = 5.0;
			};
			name = Debug;
		};
		45C4867324CD2F8500704921 /* Release */ = {
			isa = XCBuildConfiguration;
			buildSettings = {
				ASSETCATALOG_COMPILER_APPICON_NAME = AppIcon;
				ASSETCATALOG_COMPILER_GLOBAL_ACCENT_COLOR_NAME = AccentColor;
				CODE_SIGN_ENTITLEMENTS = macOS/macOS.entitlements;
				CODE_SIGN_STYLE = Automatic;
				COMBINE_HIDPI_IMAGES = YES;
				DEVELOPMENT_TEAM = 6J8NCZC8G6;
				ENABLE_HARDENED_RUNTIME = YES;
				ENABLE_PREVIEWS = YES;
				INFOPLIST_FILE = macOS/Info.plist;
				LD_RUNPATH_SEARCH_PATHS = (
					"$(inherited)",
					"@executable_path/../Frameworks",
				);
				MACOSX_DEPLOYMENT_TARGET = 11.0;
				MARKETING_VERSION = 1.0.0;
				PRODUCT_BUNDLE_IDENTIFIER = com.infinitetoken.DocExample;
				PRODUCT_NAME = DocExample;
				SDKROOT = macosx;
				SWIFT_VERSION = 5.0;
			};
			name = Release;
		};
/* End XCBuildConfiguration section */

/* Begin XCConfigurationList section */
		45C4864E24CD2F8400704921 /* Build configuration list for PBXProject "DocExample" */ = {
			isa = XCConfigurationList;
			buildConfigurations = (
				45C4866C24CD2F8500704921 /* Debug */,
				45C4866D24CD2F8500704921 /* Release */,
			);
			defaultConfigurationIsVisible = 0;
			defaultConfigurationName = Release;
		};
		45C4866E24CD2F8500704921 /* Build configuration list for PBXNativeTarget "DocExample (iOS)" */ = {
			isa = XCConfigurationList;
			buildConfigurations = (
				45C4866F24CD2F8500704921 /* Debug */,
				45C4867024CD2F8500704921 /* Release */,
			);
			defaultConfigurationIsVisible = 0;
			defaultConfigurationName = Release;
		};
		45C4867124CD2F8500704921 /* Build configuration list for PBXNativeTarget "DocExample (macOS)" */ = {
			isa = XCConfigurationList;
			buildConfigurations = (
				45C4867224CD2F8500704921 /* Debug */,
				45C4867324CD2F8500704921 /* Release */,
			);
			defaultConfigurationIsVisible = 0;
			defaultConfigurationName = Release;
		};
/* End XCConfigurationList section */
	};
	rootObject = 45C4864B24CD2F8400704921 /* Project object */;
}
